
Microsoft Visual Studio Solution File, Format Version 12.00
# Visual Studio 2013
VisualStudioVersion = 12.0.31101.0
MinimumVisualStudioVersion = 10.0.40219.1
Project("{2150E333-8FDC-42A3-9474-1A3956D46DE8}") = "Universal", "Universal", "{5D35433D-F790-4E5D-9C66-7F829F6C5D5E}"
EndProject
Project("{D954291E-2A0B-460D-934E-DC6B0785DB48}") = "MarvelApp.Shared", "MarvelApp\MarvelApp.Shared\MarvelApp.Shared.shproj", "{0D8F00CE-1811-493E-96FF-F2EA882A8618}"
EndProject
Project("{FAE04EC0-301F-11D3-BF4B-00C04F79EFBC}") = "MarvelApp.Windows", "MarvelApp\MarvelApp.Windows\MarvelApp.Windows.csproj", "{A77005DF-B858-438C-91FB-035BF5D0998E}"
EndProject
Project("{FAE04EC0-301F-11D3-BF4B-00C04F79EFBC}") = "MarvelApp.WindowsPhone", "MarvelApp\MarvelApp.WindowsPhone\MarvelApp.WindowsPhone.csproj", "{7A75BC9A-CDD0-4035-B257-A026F1175DEB}"
EndProject
Project("{2150E333-8FDC-42A3-9474-1A3956D46DE8}") = ".nuget", ".nuget", "{4C405FCE-6757-4919-9791-BB6FC8FD9243}"
EndProject
Project("{FAE04EC0-301F-11D3-BF4B-00C04F79EFBC}") = "MarvelApp.Portable", "MarvelApp.Portable\MarvelApp.Portable.csproj", "{E4B8B65F-DCE7-43FF-890B-4D5C68DF133D}"
EndProject
Project("{2150E333-8FDC-42A3-9474-1A3956D46DE8}") = "Common", "Common", "{AB050D2B-153D-4879-8707-97C140125819}"
EndProject
Project("{2150E333-8FDC-42A3-9474-1A3956D46DE8}") = "WindowsPhone", "WindowsPhone", "{AF57BBC5-286E-40BA-BDB2-5716FC735D97}"
EndProject
Project("{FAE04EC0-301F-11D3-BF4B-00C04F79EFBC}") = "SQLite.Net.Platform.WinRT", "..\SQLite.Net.Platform.WinRT\SQLite.Net.Platform.WinRT.csproj", "{6891E212-AEEE-4763-AC6F-BD7213C13890}"
EndProject
Project("{FAE04EC0-301F-11D3-BF4B-00C04F79EFBC}") = "MarvelApp.XamarinForms.WinPhone", "MarvelApp.XamarinForms\MarvelApp.XamarinForms.WinPhone\MarvelApp.XamarinForms.WinPhone.csproj", "{579751CD-21D0-47A4-85CE-B2674D10850E}"
EndProject
Project("{FAE04EC0-301F-11D3-BF4B-00C04F79EFBC}") = "MarvelApp.XamarinForms.Droid", "MarvelApp.XamarinForms\MarvelApp.XamarinForms.Droid\MarvelApp.XamarinForms.Droid.csproj", "{7F243E5A-8213-4C81-82D2-499C52B94875}"
EndProject
Project("{D954291E-2A0B-460D-934E-DC6B0785DB48}") = "MarvelApp.XamarinForms", "MarvelApp.XamarinForms\MarvelApp.XamarinForms\MarvelApp.XamarinForms.shproj", "{FA1B97FB-2741-488B-8136-9BBC09683FC7}"
EndProject
Project("{2150E333-8FDC-42A3-9474-1A3956D46DE8}") = "Xamarin.Forms", "Xamarin.Forms", "{C8D7D69A-D9E4-4FAA-ADBB-4D24B982195D}"
EndProject
Project("{FAE04EC0-301F-11D3-BF4B-00C04F79EFBC}") = "MarvelApp.XamarinForms.Portable", "MarvelApp.XamarinForms.Portable\MarvelApp.XamarinForms.Portable.csproj", "{67F9D3A8-F71E-4428-913F-C37AE82CDB24}"
EndProject
Global
	GlobalSection(SharedMSBuildProjectFiles) = preSolution
		MarvelApp.XamarinForms\MarvelApp.XamarinForms\MarvelApp.XamarinForms.projitems*{7f243e5a-8213-4c81-82d2-499c52b94875}*SharedItemsImports = 4
		MarvelApp.XamarinForms\MarvelApp.XamarinForms\MarvelApp.XamarinForms.projitems*{579751cd-21d0-47a4-85ce-b2674d10850e}*SharedItemsImports = 4
		MarvelApp\MarvelApp.Shared\MarvelApp.Shared.projitems*{0d8f00ce-1811-493e-96ff-f2ea882a8618}*SharedItemsImports = 13
		MarvelApp\MarvelApp.Shared\MarvelApp.Shared.projitems*{7a75bc9a-cdd0-4035-b257-a026f1175deb}*SharedItemsImports = 4
		MarvelApp\MarvelApp.Shared\MarvelApp.Shared.projitems*{a77005df-b858-438c-91fb-035bf5d0998e}*SharedItemsImports = 4
		MarvelApp.XamarinForms\MarvelApp.XamarinForms\MarvelApp.XamarinForms.projitems*{fa1b97fb-2741-488b-8136-9bbc09683fc7}*SharedItemsImports = 13
	EndGlobalSection
	GlobalSection(SolutionConfigurationPlatforms) = preSolution
		Ad-Hoc|Any CPU = Ad-Hoc|Any CPU
		Ad-Hoc|ARM = Ad-Hoc|ARM
		Ad-Hoc|iPhone = Ad-Hoc|iPhone
		Ad-Hoc|iPhoneSimulator = Ad-Hoc|iPhoneSimulator
		Ad-Hoc|Mixed Platforms = Ad-Hoc|Mixed Platforms
		Ad-Hoc|x64 = Ad-Hoc|x64
		Ad-Hoc|x86 = Ad-Hoc|x86
		AppStore|Any CPU = AppStore|Any CPU
		AppStore|ARM = AppStore|ARM
		AppStore|iPhone = AppStore|iPhone
		AppStore|iPhoneSimulator = AppStore|iPhoneSimulator
		AppStore|Mixed Platforms = AppStore|Mixed Platforms
		AppStore|x64 = AppStore|x64
		AppStore|x86 = AppStore|x86
		Debug|Any CPU = Debug|Any CPU
		Debug|ARM = Debug|ARM
		Debug|iPhone = Debug|iPhone
		Debug|iPhoneSimulator = Debug|iPhoneSimulator
		Debug|Mixed Platforms = Debug|Mixed Platforms
		Debug|x64 = Debug|x64
		Debug|x86 = Debug|x86
		Release|Any CPU = Release|Any CPU
		Release|ARM = Release|ARM
		Release|iPhone = Release|iPhone
		Release|iPhoneSimulator = Release|iPhoneSimulator
		Release|Mixed Platforms = Release|Mixed Platforms
		Release|x64 = Release|x64
		Release|x86 = Release|x86
	EndGlobalSection
	GlobalSection(ProjectConfigurationPlatforms) = postSolution
		{A77005DF-B858-438C-91FB-035BF5D0998E}.Ad-Hoc|Any CPU.ActiveCfg = Release|Any CPU
		{A77005DF-B858-438C-91FB-035BF5D0998E}.Ad-Hoc|Any CPU.Build.0 = Release|Any CPU
		{A77005DF-B858-438C-91FB-035BF5D0998E}.Ad-Hoc|Any CPU.Deploy.0 = Release|Any CPU
		{A77005DF-B858-438C-91FB-035BF5D0998E}.Ad-Hoc|ARM.ActiveCfg = Release|ARM
		{A77005DF-B858-438C-91FB-035BF5D0998E}.Ad-Hoc|ARM.Build.0 = Release|ARM
		{A77005DF-B858-438C-91FB-035BF5D0998E}.Ad-Hoc|ARM.Deploy.0 = Release|ARM
		{A77005DF-B858-438C-91FB-035BF5D0998E}.Ad-Hoc|iPhone.ActiveCfg = Release|Any CPU
		{A77005DF-B858-438C-91FB-035BF5D0998E}.Ad-Hoc|iPhone.Build.0 = Release|Any CPU
		{A77005DF-B858-438C-91FB-035BF5D0998E}.Ad-Hoc|iPhone.Deploy.0 = Release|Any CPU
		{A77005DF-B858-438C-91FB-035BF5D0998E}.Ad-Hoc|iPhoneSimulator.ActiveCfg = Release|Any CPU
		{A77005DF-B858-438C-91FB-035BF5D0998E}.Ad-Hoc|iPhoneSimulator.Build.0 = Release|Any CPU
		{A77005DF-B858-438C-91FB-035BF5D0998E}.Ad-Hoc|iPhoneSimulator.Deploy.0 = Release|Any CPU
		{A77005DF-B858-438C-91FB-035BF5D0998E}.Ad-Hoc|Mixed Platforms.ActiveCfg = Release|x86
		{A77005DF-B858-438C-91FB-035BF5D0998E}.Ad-Hoc|Mixed Platforms.Build.0 = Release|x86
		{A77005DF-B858-438C-91FB-035BF5D0998E}.Ad-Hoc|Mixed Platforms.Deploy.0 = Release|x86
		{A77005DF-B858-438C-91FB-035BF5D0998E}.Ad-Hoc|x64.ActiveCfg = Release|x64
		{A77005DF-B858-438C-91FB-035BF5D0998E}.Ad-Hoc|x64.Build.0 = Release|x64
		{A77005DF-B858-438C-91FB-035BF5D0998E}.Ad-Hoc|x64.Deploy.0 = Release|x64
		{A77005DF-B858-438C-91FB-035BF5D0998E}.Ad-Hoc|x86.ActiveCfg = Release|x86
		{A77005DF-B858-438C-91FB-035BF5D0998E}.Ad-Hoc|x86.Build.0 = Release|x86
		{A77005DF-B858-438C-91FB-035BF5D0998E}.Ad-Hoc|x86.Deploy.0 = Release|x86
		{A77005DF-B858-438C-91FB-035BF5D0998E}.AppStore|Any CPU.ActiveCfg = Release|Any CPU
		{A77005DF-B858-438C-91FB-035BF5D0998E}.AppStore|Any CPU.Build.0 = Release|Any CPU
		{A77005DF-B858-438C-91FB-035BF5D0998E}.AppStore|Any CPU.Deploy.0 = Release|Any CPU
		{A77005DF-B858-438C-91FB-035BF5D0998E}.AppStore|ARM.ActiveCfg = Release|ARM
		{A77005DF-B858-438C-91FB-035BF5D0998E}.AppStore|ARM.Build.0 = Release|ARM
		{A77005DF-B858-438C-91FB-035BF5D0998E}.AppStore|ARM.Deploy.0 = Release|ARM
		{A77005DF-B858-438C-91FB-035BF5D0998E}.AppStore|iPhone.ActiveCfg = Release|Any CPU
		{A77005DF-B858-438C-91FB-035BF5D0998E}.AppStore|iPhone.Build.0 = Release|Any CPU
		{A77005DF-B858-438C-91FB-035BF5D0998E}.AppStore|iPhone.Deploy.0 = Release|Any CPU
		{A77005DF-B858-438C-91FB-035BF5D0998E}.AppStore|iPhoneSimulator.ActiveCfg = Release|Any CPU
		{A77005DF-B858-438C-91FB-035BF5D0998E}.AppStore|iPhoneSimulator.Build.0 = Release|Any CPU
		{A77005DF-B858-438C-91FB-035BF5D0998E}.AppStore|iPhoneSimulator.Deploy.0 = Release|Any CPU
		{A77005DF-B858-438C-91FB-035BF5D0998E}.AppStore|Mixed Platforms.ActiveCfg = Release|x86
		{A77005DF-B858-438C-91FB-035BF5D0998E}.AppStore|Mixed Platforms.Build.0 = Release|x86
		{A77005DF-B858-438C-91FB-035BF5D0998E}.AppStore|Mixed Platforms.Deploy.0 = Release|x86
		{A77005DF-B858-438C-91FB-035BF5D0998E}.AppStore|x64.ActiveCfg = Release|x64
		{A77005DF-B858-438C-91FB-035BF5D0998E}.AppStore|x64.Build.0 = Release|x64
		{A77005DF-B858-438C-91FB-035BF5D0998E}.AppStore|x64.Deploy.0 = Release|x64
		{A77005DF-B858-438C-91FB-035BF5D0998E}.AppStore|x86.ActiveCfg = Release|x86
		{A77005DF-B858-438C-91FB-035BF5D0998E}.AppStore|x86.Build.0 = Release|x86
		{A77005DF-B858-438C-91FB-035BF5D0998E}.AppStore|x86.Deploy.0 = Release|x86
		{A77005DF-B858-438C-91FB-035BF5D0998E}.Debug|Any CPU.ActiveCfg = Debug|Any CPU
		{A77005DF-B858-438C-91FB-035BF5D0998E}.Debug|Any CPU.Build.0 = Debug|Any CPU
		{A77005DF-B858-438C-91FB-035BF5D0998E}.Debug|Any CPU.Deploy.0 = Debug|Any CPU
		{A77005DF-B858-438C-91FB-035BF5D0998E}.Debug|ARM.ActiveCfg = Debug|ARM
		{A77005DF-B858-438C-91FB-035BF5D0998E}.Debug|ARM.Build.0 = Debug|ARM
		{A77005DF-B858-438C-91FB-035BF5D0998E}.Debug|ARM.Deploy.0 = Debug|ARM
		{A77005DF-B858-438C-91FB-035BF5D0998E}.Debug|iPhone.ActiveCfg = Debug|Any CPU
		{A77005DF-B858-438C-91FB-035BF5D0998E}.Debug|iPhone.Build.0 = Debug|Any CPU
		{A77005DF-B858-438C-91FB-035BF5D0998E}.Debug|iPhone.Deploy.0 = Debug|Any CPU
		{A77005DF-B858-438C-91FB-035BF5D0998E}.Debug|iPhoneSimulator.ActiveCfg = Debug|Any CPU
		{A77005DF-B858-438C-91FB-035BF5D0998E}.Debug|iPhoneSimulator.Build.0 = Debug|Any CPU
		{A77005DF-B858-438C-91FB-035BF5D0998E}.Debug|iPhoneSimulator.Deploy.0 = Debug|Any CPU
		{A77005DF-B858-438C-91FB-035BF5D0998E}.Debug|Mixed Platforms.ActiveCfg = Debug|x86
		{A77005DF-B858-438C-91FB-035BF5D0998E}.Debug|Mixed Platforms.Build.0 = Debug|x86
		{A77005DF-B858-438C-91FB-035BF5D0998E}.Debug|Mixed Platforms.Deploy.0 = Debug|x86
		{A77005DF-B858-438C-91FB-035BF5D0998E}.Debug|x64.ActiveCfg = Debug|x64
		{A77005DF-B858-438C-91FB-035BF5D0998E}.Debug|x64.Build.0 = Debug|x64
		{A77005DF-B858-438C-91FB-035BF5D0998E}.Debug|x64.Deploy.0 = Debug|x64
		{A77005DF-B858-438C-91FB-035BF5D0998E}.Debug|x86.ActiveCfg = Debug|x86
		{A77005DF-B858-438C-91FB-035BF5D0998E}.Debug|x86.Build.0 = Debug|x86
		{A77005DF-B858-438C-91FB-035BF5D0998E}.Debug|x86.Deploy.0 = Debug|x86
		{A77005DF-B858-438C-91FB-035BF5D0998E}.Release|Any CPU.ActiveCfg = Release|Any CPU
		{A77005DF-B858-438C-91FB-035BF5D0998E}.Release|Any CPU.Build.0 = Release|Any CPU
		{A77005DF-B858-438C-91FB-035BF5D0998E}.Release|Any CPU.Deploy.0 = Release|Any CPU
		{A77005DF-B858-438C-91FB-035BF5D0998E}.Release|ARM.ActiveCfg = Release|ARM
		{A77005DF-B858-438C-91FB-035BF5D0998E}.Release|ARM.Build.0 = Release|ARM
		{A77005DF-B858-438C-91FB-035BF5D0998E}.Release|ARM.Deploy.0 = Release|ARM
		{A77005DF-B858-438C-91FB-035BF5D0998E}.Release|iPhone.ActiveCfg = Release|Any CPU
		{A77005DF-B858-438C-91FB-035BF5D0998E}.Release|iPhone.Build.0 = Release|Any CPU
		{A77005DF-B858-438C-91FB-035BF5D0998E}.Release|iPhone.Deploy.0 = Release|Any CPU
		{A77005DF-B858-438C-91FB-035BF5D0998E}.Release|iPhoneSimulator.ActiveCfg = Release|Any CPU
		{A77005DF-B858-438C-91FB-035BF5D0998E}.Release|iPhoneSimulator.Build.0 = Release|Any CPU
		{A77005DF-B858-438C-91FB-035BF5D0998E}.Release|iPhoneSimulator.Deploy.0 = Release|Any CPU
		{A77005DF-B858-438C-91FB-035BF5D0998E}.Release|Mixed Platforms.ActiveCfg = Release|x86
		{A77005DF-B858-438C-91FB-035BF5D0998E}.Release|Mixed Platforms.Build.0 = Release|x86
		{A77005DF-B858-438C-91FB-035BF5D0998E}.Release|Mixed Platforms.Deploy.0 = Release|x86
		{A77005DF-B858-438C-91FB-035BF5D0998E}.Release|x64.ActiveCfg = Release|x64
		{A77005DF-B858-438C-91FB-035BF5D0998E}.Release|x64.Build.0 = Release|x64
		{A77005DF-B858-438C-91FB-035BF5D0998E}.Release|x64.Deploy.0 = Release|x64
		{A77005DF-B858-438C-91FB-035BF5D0998E}.Release|x86.ActiveCfg = Release|x86
		{A77005DF-B858-438C-91FB-035BF5D0998E}.Release|x86.Build.0 = Release|x86
		{A77005DF-B858-438C-91FB-035BF5D0998E}.Release|x86.Deploy.0 = Release|x86
		{7A75BC9A-CDD0-4035-B257-A026F1175DEB}.Ad-Hoc|Any CPU.ActiveCfg = Release|Any CPU
		{7A75BC9A-CDD0-4035-B257-A026F1175DEB}.Ad-Hoc|Any CPU.Build.0 = Release|Any CPU
		{7A75BC9A-CDD0-4035-B257-A026F1175DEB}.Ad-Hoc|Any CPU.Deploy.0 = Release|Any CPU
		{7A75BC9A-CDD0-4035-B257-A026F1175DEB}.Ad-Hoc|ARM.ActiveCfg = Release|ARM
		{7A75BC9A-CDD0-4035-B257-A026F1175DEB}.Ad-Hoc|ARM.Build.0 = Release|ARM
		{7A75BC9A-CDD0-4035-B257-A026F1175DEB}.Ad-Hoc|ARM.Deploy.0 = Release|ARM
		{7A75BC9A-CDD0-4035-B257-A026F1175DEB}.Ad-Hoc|iPhone.ActiveCfg = Release|Any CPU
		{7A75BC9A-CDD0-4035-B257-A026F1175DEB}.Ad-Hoc|iPhone.Build.0 = Release|Any CPU
		{7A75BC9A-CDD0-4035-B257-A026F1175DEB}.Ad-Hoc|iPhone.Deploy.0 = Release|Any CPU
		{7A75BC9A-CDD0-4035-B257-A026F1175DEB}.Ad-Hoc|iPhoneSimulator.ActiveCfg = Release|Any CPU
		{7A75BC9A-CDD0-4035-B257-A026F1175DEB}.Ad-Hoc|iPhoneSimulator.Build.0 = Release|Any CPU
		{7A75BC9A-CDD0-4035-B257-A026F1175DEB}.Ad-Hoc|iPhoneSimulator.Deploy.0 = Release|Any CPU
		{7A75BC9A-CDD0-4035-B257-A026F1175DEB}.Ad-Hoc|Mixed Platforms.ActiveCfg = Release|x86
		{7A75BC9A-CDD0-4035-B257-A026F1175DEB}.Ad-Hoc|Mixed Platforms.Build.0 = Release|x86
		{7A75BC9A-CDD0-4035-B257-A026F1175DEB}.Ad-Hoc|Mixed Platforms.Deploy.0 = Release|x86
		{7A75BC9A-CDD0-4035-B257-A026F1175DEB}.Ad-Hoc|x64.ActiveCfg = Release|Any CPU
		{7A75BC9A-CDD0-4035-B257-A026F1175DEB}.Ad-Hoc|x64.Build.0 = Release|Any CPU
		{7A75BC9A-CDD0-4035-B257-A026F1175DEB}.Ad-Hoc|x64.Deploy.0 = Release|Any CPU
		{7A75BC9A-CDD0-4035-B257-A026F1175DEB}.Ad-Hoc|x86.ActiveCfg = Release|x86
		{7A75BC9A-CDD0-4035-B257-A026F1175DEB}.Ad-Hoc|x86.Build.0 = Release|x86
		{7A75BC9A-CDD0-4035-B257-A026F1175DEB}.Ad-Hoc|x86.Deploy.0 = Release|x86
		{7A75BC9A-CDD0-4035-B257-A026F1175DEB}.AppStore|Any CPU.ActiveCfg = Release|Any CPU
		{7A75BC9A-CDD0-4035-B257-A026F1175DEB}.AppStore|Any CPU.Build.0 = Release|Any CPU
		{7A75BC9A-CDD0-4035-B257-A026F1175DEB}.AppStore|Any CPU.Deploy.0 = Release|Any CPU
		{7A75BC9A-CDD0-4035-B257-A026F1175DEB}.AppStore|ARM.ActiveCfg = Release|ARM
		{7A75BC9A-CDD0-4035-B257-A026F1175DEB}.AppStore|ARM.Build.0 = Release|ARM
		{7A75BC9A-CDD0-4035-B257-A026F1175DEB}.AppStore|ARM.Deploy.0 = Release|ARM
		{7A75BC9A-CDD0-4035-B257-A026F1175DEB}.AppStore|iPhone.ActiveCfg = Release|Any CPU
		{7A75BC9A-CDD0-4035-B257-A026F1175DEB}.AppStore|iPhone.Build.0 = Release|Any CPU
		{7A75BC9A-CDD0-4035-B257-A026F1175DEB}.AppStore|iPhone.Deploy.0 = Release|Any CPU
		{7A75BC9A-CDD0-4035-B257-A026F1175DEB}.AppStore|iPhoneSimulator.ActiveCfg = Release|Any CPU
		{7A75BC9A-CDD0-4035-B257-A026F1175DEB}.AppStore|iPhoneSimulator.Build.0 = Release|Any CPU
		{7A75BC9A-CDD0-4035-B257-A026F1175DEB}.AppStore|iPhoneSimulator.Deploy.0 = Release|Any CPU
		{7A75BC9A-CDD0-4035-B257-A026F1175DEB}.AppStore|Mixed Platforms.ActiveCfg = Release|x86
		{7A75BC9A-CDD0-4035-B257-A026F1175DEB}.AppStore|Mixed Platforms.Build.0 = Release|x86
		{7A75BC9A-CDD0-4035-B257-A026F1175DEB}.AppStore|Mixed Platforms.Deploy.0 = Release|x86
		{7A75BC9A-CDD0-4035-B257-A026F1175DEB}.AppStore|x64.ActiveCfg = Release|Any CPU
		{7A75BC9A-CDD0-4035-B257-A026F1175DEB}.AppStore|x64.Build.0 = Release|Any CPU
		{7A75BC9A-CDD0-4035-B257-A026F1175DEB}.AppStore|x64.Deploy.0 = Release|Any CPU
		{7A75BC9A-CDD0-4035-B257-A026F1175DEB}.AppStore|x86.ActiveCfg = Release|x86
		{7A75BC9A-CDD0-4035-B257-A026F1175DEB}.AppStore|x86.Build.0 = Release|x86
		{7A75BC9A-CDD0-4035-B257-A026F1175DEB}.AppStore|x86.Deploy.0 = Release|x86
		{7A75BC9A-CDD0-4035-B257-A026F1175DEB}.Debug|Any CPU.ActiveCfg = Debug|Any CPU
		{7A75BC9A-CDD0-4035-B257-A026F1175DEB}.Debug|Any CPU.Build.0 = Debug|Any CPU
		{7A75BC9A-CDD0-4035-B257-A026F1175DEB}.Debug|Any CPU.Deploy.0 = Debug|Any CPU
		{7A75BC9A-CDD0-4035-B257-A026F1175DEB}.Debug|ARM.ActiveCfg = Debug|ARM
		{7A75BC9A-CDD0-4035-B257-A026F1175DEB}.Debug|ARM.Build.0 = Debug|ARM
		{7A75BC9A-CDD0-4035-B257-A026F1175DEB}.Debug|ARM.Deploy.0 = Debug|ARM
		{7A75BC9A-CDD0-4035-B257-A026F1175DEB}.Debug|iPhone.ActiveCfg = Debug|Any CPU
		{7A75BC9A-CDD0-4035-B257-A026F1175DEB}.Debug|iPhone.Build.0 = Debug|Any CPU
		{7A75BC9A-CDD0-4035-B257-A026F1175DEB}.Debug|iPhone.Deploy.0 = Debug|Any CPU
		{7A75BC9A-CDD0-4035-B257-A026F1175DEB}.Debug|iPhoneSimulator.ActiveCfg = Debug|Any CPU
		{7A75BC9A-CDD0-4035-B257-A026F1175DEB}.Debug|iPhoneSimulator.Build.0 = Debug|Any CPU
		{7A75BC9A-CDD0-4035-B257-A026F1175DEB}.Debug|iPhoneSimulator.Deploy.0 = Debug|Any CPU
		{7A75BC9A-CDD0-4035-B257-A026F1175DEB}.Debug|Mixed Platforms.ActiveCfg = Debug|x86
		{7A75BC9A-CDD0-4035-B257-A026F1175DEB}.Debug|Mixed Platforms.Build.0 = Debug|x86
		{7A75BC9A-CDD0-4035-B257-A026F1175DEB}.Debug|Mixed Platforms.Deploy.0 = Debug|x86
		{7A75BC9A-CDD0-4035-B257-A026F1175DEB}.Debug|x64.ActiveCfg = Debug|Any CPU
		{7A75BC9A-CDD0-4035-B257-A026F1175DEB}.Debug|x64.Build.0 = Debug|Any CPU
		{7A75BC9A-CDD0-4035-B257-A026F1175DEB}.Debug|x64.Deploy.0 = Debug|Any CPU
		{7A75BC9A-CDD0-4035-B257-A026F1175DEB}.Debug|x86.ActiveCfg = Debug|x86
		{7A75BC9A-CDD0-4035-B257-A026F1175DEB}.Debug|x86.Build.0 = Debug|x86
		{7A75BC9A-CDD0-4035-B257-A026F1175DEB}.Debug|x86.Deploy.0 = Debug|x86
		{7A75BC9A-CDD0-4035-B257-A026F1175DEB}.Release|Any CPU.ActiveCfg = Release|Any CPU
		{7A75BC9A-CDD0-4035-B257-A026F1175DEB}.Release|Any CPU.Build.0 = Release|Any CPU
		{7A75BC9A-CDD0-4035-B257-A026F1175DEB}.Release|Any CPU.Deploy.0 = Release|Any CPU
		{7A75BC9A-CDD0-4035-B257-A026F1175DEB}.Release|ARM.ActiveCfg = Release|ARM
		{7A75BC9A-CDD0-4035-B257-A026F1175DEB}.Release|ARM.Build.0 = Release|ARM
		{7A75BC9A-CDD0-4035-B257-A026F1175DEB}.Release|ARM.Deploy.0 = Release|ARM
		{7A75BC9A-CDD0-4035-B257-A026F1175DEB}.Release|iPhone.ActiveCfg = Release|Any CPU
		{7A75BC9A-CDD0-4035-B257-A026F1175DEB}.Release|iPhone.Build.0 = Release|Any CPU
		{7A75BC9A-CDD0-4035-B257-A026F1175DEB}.Release|iPhone.Deploy.0 = Release|Any CPU
		{7A75BC9A-CDD0-4035-B257-A026F1175DEB}.Release|iPhoneSimulator.ActiveCfg = Release|Any CPU
		{7A75BC9A-CDD0-4035-B257-A026F1175DEB}.Release|iPhoneSimulator.Build.0 = Release|Any CPU
		{7A75BC9A-CDD0-4035-B257-A026F1175DEB}.Release|iPhoneSimulator.Deploy.0 = Release|Any CPU
		{7A75BC9A-CDD0-4035-B257-A026F1175DEB}.Release|Mixed Platforms.ActiveCfg = Release|x86
		{7A75BC9A-CDD0-4035-B257-A026F1175DEB}.Release|Mixed Platforms.Build.0 = Release|x86
		{7A75BC9A-CDD0-4035-B257-A026F1175DEB}.Release|Mixed Platforms.Deploy.0 = Release|x86
		{7A75BC9A-CDD0-4035-B257-A026F1175DEB}.Release|x64.ActiveCfg = Release|Any CPU
		{7A75BC9A-CDD0-4035-B257-A026F1175DEB}.Release|x64.Build.0 = Release|Any CPU
		{7A75BC9A-CDD0-4035-B257-A026F1175DEB}.Release|x64.Deploy.0 = Release|Any CPU
		{7A75BC9A-CDD0-4035-B257-A026F1175DEB}.Release|x86.ActiveCfg = Release|x86
		{7A75BC9A-CDD0-4035-B257-A026F1175DEB}.Release|x86.Build.0 = Release|x86
		{7A75BC9A-CDD0-4035-B257-A026F1175DEB}.Release|x86.Deploy.0 = Release|x86
		{E4B8B65F-DCE7-43FF-890B-4D5C68DF133D}.Ad-Hoc|Any CPU.ActiveCfg = Release|Any CPU
		{E4B8B65F-DCE7-43FF-890B-4D5C68DF133D}.Ad-Hoc|Any CPU.Build.0 = Release|Any CPU
		{E4B8B65F-DCE7-43FF-890B-4D5C68DF133D}.Ad-Hoc|ARM.ActiveCfg = Release|Any CPU
		{E4B8B65F-DCE7-43FF-890B-4D5C68DF133D}.Ad-Hoc|ARM.Build.0 = Release|Any CPU
		{E4B8B65F-DCE7-43FF-890B-4D5C68DF133D}.Ad-Hoc|iPhone.ActiveCfg = Release|Any CPU
		{E4B8B65F-DCE7-43FF-890B-4D5C68DF133D}.Ad-Hoc|iPhone.Build.0 = Release|Any CPU
		{E4B8B65F-DCE7-43FF-890B-4D5C68DF133D}.Ad-Hoc|iPhoneSimulator.ActiveCfg = Release|Any CPU
		{E4B8B65F-DCE7-43FF-890B-4D5C68DF133D}.Ad-Hoc|iPhoneSimulator.Build.0 = Release|Any CPU
		{E4B8B65F-DCE7-43FF-890B-4D5C68DF133D}.Ad-Hoc|Mixed Platforms.ActiveCfg = Release|Any CPU
		{E4B8B65F-DCE7-43FF-890B-4D5C68DF133D}.Ad-Hoc|Mixed Platforms.Build.0 = Release|Any CPU
		{E4B8B65F-DCE7-43FF-890B-4D5C68DF133D}.Ad-Hoc|x64.ActiveCfg = Release|Any CPU
		{E4B8B65F-DCE7-43FF-890B-4D5C68DF133D}.Ad-Hoc|x64.Build.0 = Release|Any CPU
		{E4B8B65F-DCE7-43FF-890B-4D5C68DF133D}.Ad-Hoc|x86.ActiveCfg = Release|Any CPU
		{E4B8B65F-DCE7-43FF-890B-4D5C68DF133D}.Ad-Hoc|x86.Build.0 = Release|Any CPU
		{E4B8B65F-DCE7-43FF-890B-4D5C68DF133D}.AppStore|Any CPU.ActiveCfg = Release|Any CPU
		{E4B8B65F-DCE7-43FF-890B-4D5C68DF133D}.AppStore|Any CPU.Build.0 = Release|Any CPU
		{E4B8B65F-DCE7-43FF-890B-4D5C68DF133D}.AppStore|ARM.ActiveCfg = Release|Any CPU
		{E4B8B65F-DCE7-43FF-890B-4D5C68DF133D}.AppStore|ARM.Build.0 = Release|Any CPU
		{E4B8B65F-DCE7-43FF-890B-4D5C68DF133D}.AppStore|iPhone.ActiveCfg = Release|Any CPU
		{E4B8B65F-DCE7-43FF-890B-4D5C68DF133D}.AppStore|iPhone.Build.0 = Release|Any CPU
		{E4B8B65F-DCE7-43FF-890B-4D5C68DF133D}.AppStore|iPhoneSimulator.ActiveCfg = Release|Any CPU
		{E4B8B65F-DCE7-43FF-890B-4D5C68DF133D}.AppStore|iPhoneSimulator.Build.0 = Release|Any CPU
		{E4B8B65F-DCE7-43FF-890B-4D5C68DF133D}.AppStore|Mixed Platforms.ActiveCfg = Release|Any CPU
		{E4B8B65F-DCE7-43FF-890B-4D5C68DF133D}.AppStore|Mixed Platforms.Build.0 = Release|Any CPU
		{E4B8B65F-DCE7-43FF-890B-4D5C68DF133D}.AppStore|x64.ActiveCfg = Release|Any CPU
		{E4B8B65F-DCE7-43FF-890B-4D5C68DF133D}.AppStore|x64.Build.0 = Release|Any CPU
		{E4B8B65F-DCE7-43FF-890B-4D5C68DF133D}.AppStore|x86.ActiveCfg = Release|Any CPU
		{E4B8B65F-DCE7-43FF-890B-4D5C68DF133D}.AppStore|x86.Build.0 = Release|Any CPU
		{E4B8B65F-DCE7-43FF-890B-4D5C68DF133D}.Debug|Any CPU.ActiveCfg = Debug|Any CPU
		{E4B8B65F-DCE7-43FF-890B-4D5C68DF133D}.Debug|Any CPU.Build.0 = Debug|Any CPU
		{E4B8B65F-DCE7-43FF-890B-4D5C68DF133D}.Debug|ARM.ActiveCfg = Debug|Any CPU
		{E4B8B65F-DCE7-43FF-890B-4D5C68DF133D}.Debug|ARM.Build.0 = Debug|Any CPU
		{E4B8B65F-DCE7-43FF-890B-4D5C68DF133D}.Debug|iPhone.ActiveCfg = Debug|Any CPU
		{E4B8B65F-DCE7-43FF-890B-4D5C68DF133D}.Debug|iPhone.Build.0 = Debug|Any CPU
		{E4B8B65F-DCE7-43FF-890B-4D5C68DF133D}.Debug|iPhoneSimulator.ActiveCfg = Debug|Any CPU
		{E4B8B65F-DCE7-43FF-890B-4D5C68DF133D}.Debug|iPhoneSimulator.Build.0 = Debug|Any CPU
		{E4B8B65F-DCE7-43FF-890B-4D5C68DF133D}.Debug|Mixed Platforms.ActiveCfg = Debug|Any CPU
		{E4B8B65F-DCE7-43FF-890B-4D5C68DF133D}.Debug|Mixed Platforms.Build.0 = Debug|Any CPU
		{E4B8B65F-DCE7-43FF-890B-4D5C68DF133D}.Debug|x64.ActiveCfg = Debug|Any CPU
		{E4B8B65F-DCE7-43FF-890B-4D5C68DF133D}.Debug|x64.Build.0 = Debug|Any CPU
		{E4B8B65F-DCE7-43FF-890B-4D5C68DF133D}.Debug|x86.ActiveCfg = Debug|Any CPU
		{E4B8B65F-DCE7-43FF-890B-4D5C68DF133D}.Debug|x86.Build.0 = Debug|Any CPU
		{E4B8B65F-DCE7-43FF-890B-4D5C68DF133D}.Release|Any CPU.ActiveCfg = Release|Any CPU
		{E4B8B65F-DCE7-43FF-890B-4D5C68DF133D}.Release|Any CPU.Build.0 = Release|Any CPU
		{E4B8B65F-DCE7-43FF-890B-4D5C68DF133D}.Release|ARM.ActiveCfg = Release|Any CPU
		{E4B8B65F-DCE7-43FF-890B-4D5C68DF133D}.Release|ARM.Build.0 = Release|Any CPU
		{E4B8B65F-DCE7-43FF-890B-4D5C68DF133D}.Release|iPhone.ActiveCfg = Release|Any CPU
		{E4B8B65F-DCE7-43FF-890B-4D5C68DF133D}.Release|iPhone.Build.0 = Release|Any CPU
		{E4B8B65F-DCE7-43FF-890B-4D5C68DF133D}.Release|iPhoneSimulator.ActiveCfg = Release|Any CPU
		{E4B8B65F-DCE7-43FF-890B-4D5C68DF133D}.Release|iPhoneSimulator.Build.0 = Release|Any CPU
		{E4B8B65F-DCE7-43FF-890B-4D5C68DF133D}.Release|Mixed Platforms.ActiveCfg = Release|Any CPU
		{E4B8B65F-DCE7-43FF-890B-4D5C68DF133D}.Release|Mixed Platforms.Build.0 = Release|Any CPU
		{E4B8B65F-DCE7-43FF-890B-4D5C68DF133D}.Release|x64.ActiveCfg = Release|Any CPU
		{E4B8B65F-DCE7-43FF-890B-4D5C68DF133D}.Release|x64.Build.0 = Release|Any CPU
		{E4B8B65F-DCE7-43FF-890B-4D5C68DF133D}.Release|x86.ActiveCfg = Release|Any CPU
		{E4B8B65F-DCE7-43FF-890B-4D5C68DF133D}.Release|x86.Build.0 = Release|Any CPU
		{6891E212-AEEE-4763-AC6F-BD7213C13890}.Ad-Hoc|Any CPU.ActiveCfg = Release|Any CPU
		{6891E212-AEEE-4763-AC6F-BD7213C13890}.Ad-Hoc|Any CPU.Build.0 = Release|Any CPU
		{6891E212-AEEE-4763-AC6F-BD7213C13890}.Ad-Hoc|ARM.ActiveCfg = Release|ARM
		{6891E212-AEEE-4763-AC6F-BD7213C13890}.Ad-Hoc|ARM.Build.0 = Release|ARM
		{6891E212-AEEE-4763-AC6F-BD7213C13890}.Ad-Hoc|iPhone.ActiveCfg = Release|Any CPU
		{6891E212-AEEE-4763-AC6F-BD7213C13890}.Ad-Hoc|iPhone.Build.0 = Release|Any CPU
		{6891E212-AEEE-4763-AC6F-BD7213C13890}.Ad-Hoc|iPhoneSimulator.ActiveCfg = Release|Any CPU
		{6891E212-AEEE-4763-AC6F-BD7213C13890}.Ad-Hoc|iPhoneSimulator.Build.0 = Release|Any CPU
		{6891E212-AEEE-4763-AC6F-BD7213C13890}.Ad-Hoc|Mixed Platforms.ActiveCfg = Release|x86
		{6891E212-AEEE-4763-AC6F-BD7213C13890}.Ad-Hoc|Mixed Platforms.Build.0 = Release|x86
		{6891E212-AEEE-4763-AC6F-BD7213C13890}.Ad-Hoc|x64.ActiveCfg = Release|x64
		{6891E212-AEEE-4763-AC6F-BD7213C13890}.Ad-Hoc|x64.Build.0 = Release|x64
		{6891E212-AEEE-4763-AC6F-BD7213C13890}.Ad-Hoc|x86.ActiveCfg = Release|x86
		{6891E212-AEEE-4763-AC6F-BD7213C13890}.Ad-Hoc|x86.Build.0 = Release|x86
		{6891E212-AEEE-4763-AC6F-BD7213C13890}.AppStore|Any CPU.ActiveCfg = Release|Any CPU
		{6891E212-AEEE-4763-AC6F-BD7213C13890}.AppStore|Any CPU.Build.0 = Release|Any CPU
		{6891E212-AEEE-4763-AC6F-BD7213C13890}.AppStore|ARM.ActiveCfg = Release|ARM
		{6891E212-AEEE-4763-AC6F-BD7213C13890}.AppStore|ARM.Build.0 = Release|ARM
		{6891E212-AEEE-4763-AC6F-BD7213C13890}.AppStore|iPhone.ActiveCfg = Release|Any CPU
		{6891E212-AEEE-4763-AC6F-BD7213C13890}.AppStore|iPhone.Build.0 = Release|Any CPU
		{6891E212-AEEE-4763-AC6F-BD7213C13890}.AppStore|iPhoneSimulator.ActiveCfg = Release|Any CPU
		{6891E212-AEEE-4763-AC6F-BD7213C13890}.AppStore|iPhoneSimulator.Build.0 = Release|Any CPU
		{6891E212-AEEE-4763-AC6F-BD7213C13890}.AppStore|Mixed Platforms.ActiveCfg = Release|x86
		{6891E212-AEEE-4763-AC6F-BD7213C13890}.AppStore|Mixed Platforms.Build.0 = Release|x86
		{6891E212-AEEE-4763-AC6F-BD7213C13890}.AppStore|x64.ActiveCfg = Release|x64
		{6891E212-AEEE-4763-AC6F-BD7213C13890}.AppStore|x64.Build.0 = Release|x64
		{6891E212-AEEE-4763-AC6F-BD7213C13890}.AppStore|x86.ActiveCfg = Release|x86
		{6891E212-AEEE-4763-AC6F-BD7213C13890}.AppStore|x86.Build.0 = Release|x86
		{6891E212-AEEE-4763-AC6F-BD7213C13890}.Debug|Any CPU.ActiveCfg = Debug|Any CPU
		{6891E212-AEEE-4763-AC6F-BD7213C13890}.Debug|Any CPU.Build.0 = Debug|Any CPU
		{6891E212-AEEE-4763-AC6F-BD7213C13890}.Debug|ARM.ActiveCfg = Debug|ARM
		{6891E212-AEEE-4763-AC6F-BD7213C13890}.Debug|ARM.Build.0 = Debug|ARM
		{6891E212-AEEE-4763-AC6F-BD7213C13890}.Debug|iPhone.ActiveCfg = Debug|Any CPU
		{6891E212-AEEE-4763-AC6F-BD7213C13890}.Debug|iPhone.Build.0 = Debug|Any CPU
		{6891E212-AEEE-4763-AC6F-BD7213C13890}.Debug|iPhoneSimulator.ActiveCfg = Debug|Any CPU
		{6891E212-AEEE-4763-AC6F-BD7213C13890}.Debug|iPhoneSimulator.Build.0 = Debug|Any CPU
		{6891E212-AEEE-4763-AC6F-BD7213C13890}.Debug|Mixed Platforms.ActiveCfg = Debug|x86
		{6891E212-AEEE-4763-AC6F-BD7213C13890}.Debug|Mixed Platforms.Build.0 = Debug|x86
		{6891E212-AEEE-4763-AC6F-BD7213C13890}.Debug|x64.ActiveCfg = Debug|x64
		{6891E212-AEEE-4763-AC6F-BD7213C13890}.Debug|x64.Build.0 = Debug|x64
		{6891E212-AEEE-4763-AC6F-BD7213C13890}.Debug|x86.ActiveCfg = Debug|x86
		{6891E212-AEEE-4763-AC6F-BD7213C13890}.Debug|x86.Build.0 = Debug|x86
		{6891E212-AEEE-4763-AC6F-BD7213C13890}.Release|Any CPU.ActiveCfg = Release|Any CPU
		{6891E212-AEEE-4763-AC6F-BD7213C13890}.Release|Any CPU.Build.0 = Release|Any CPU
		{6891E212-AEEE-4763-AC6F-BD7213C13890}.Release|ARM.ActiveCfg = Release|ARM
		{6891E212-AEEE-4763-AC6F-BD7213C13890}.Release|ARM.Build.0 = Release|ARM
		{6891E212-AEEE-4763-AC6F-BD7213C13890}.Release|iPhone.ActiveCfg = Release|Any CPU
		{6891E212-AEEE-4763-AC6F-BD7213C13890}.Release|iPhone.Build.0 = Release|Any CPU
		{6891E212-AEEE-4763-AC6F-BD7213C13890}.Release|iPhoneSimulator.ActiveCfg = Release|Any CPU
		{6891E212-AEEE-4763-AC6F-BD7213C13890}.Release|iPhoneSimulator.Build.0 = Release|Any CPU
		{6891E212-AEEE-4763-AC6F-BD7213C13890}.Release|Mixed Platforms.ActiveCfg = Release|x86
		{6891E212-AEEE-4763-AC6F-BD7213C13890}.Release|Mixed Platforms.Build.0 = Release|x86
		{6891E212-AEEE-4763-AC6F-BD7213C13890}.Release|x64.ActiveCfg = Release|x64
		{6891E212-AEEE-4763-AC6F-BD7213C13890}.Release|x64.Build.0 = Release|x64
		{6891E212-AEEE-4763-AC6F-BD7213C13890}.Release|x86.ActiveCfg = Release|x86
		{6891E212-AEEE-4763-AC6F-BD7213C13890}.Release|x86.Build.0 = Release|x86
		{579751CD-21D0-47A4-85CE-B2674D10850E}.Ad-Hoc|Any CPU.ActiveCfg = Release|Any CPU
		{579751CD-21D0-47A4-85CE-B2674D10850E}.Ad-Hoc|Any CPU.Build.0 = Release|Any CPU
		{579751CD-21D0-47A4-85CE-B2674D10850E}.Ad-Hoc|Any CPU.Deploy.0 = Release|Any CPU
		{579751CD-21D0-47A4-85CE-B2674D10850E}.Ad-Hoc|ARM.ActiveCfg = Release|ARM
		{579751CD-21D0-47A4-85CE-B2674D10850E}.Ad-Hoc|ARM.Build.0 = Release|ARM
		{579751CD-21D0-47A4-85CE-B2674D10850E}.Ad-Hoc|ARM.Deploy.0 = Release|ARM
		{579751CD-21D0-47A4-85CE-B2674D10850E}.Ad-Hoc|iPhone.ActiveCfg = Release|Any CPU
		{579751CD-21D0-47A4-85CE-B2674D10850E}.Ad-Hoc|iPhone.Build.0 = Release|Any CPU
		{579751CD-21D0-47A4-85CE-B2674D10850E}.Ad-Hoc|iPhone.Deploy.0 = Release|Any CPU
		{579751CD-21D0-47A4-85CE-B2674D10850E}.Ad-Hoc|iPhoneSimulator.ActiveCfg = Release|Any CPU
		{579751CD-21D0-47A4-85CE-B2674D10850E}.Ad-Hoc|iPhoneSimulator.Build.0 = Release|Any CPU
		{579751CD-21D0-47A4-85CE-B2674D10850E}.Ad-Hoc|iPhoneSimulator.Deploy.0 = Release|Any CPU
		{579751CD-21D0-47A4-85CE-B2674D10850E}.Ad-Hoc|Mixed Platforms.ActiveCfg = Release|x86
		{579751CD-21D0-47A4-85CE-B2674D10850E}.Ad-Hoc|Mixed Platforms.Build.0 = Release|x86
		{579751CD-21D0-47A4-85CE-B2674D10850E}.Ad-Hoc|Mixed Platforms.Deploy.0 = Release|x86
		{579751CD-21D0-47A4-85CE-B2674D10850E}.Ad-Hoc|x64.ActiveCfg = Release|Any CPU
		{579751CD-21D0-47A4-85CE-B2674D10850E}.Ad-Hoc|x64.Build.0 = Release|Any CPU
		{579751CD-21D0-47A4-85CE-B2674D10850E}.Ad-Hoc|x64.Deploy.0 = Release|Any CPU
		{579751CD-21D0-47A4-85CE-B2674D10850E}.Ad-Hoc|x86.ActiveCfg = Release|x86
		{579751CD-21D0-47A4-85CE-B2674D10850E}.Ad-Hoc|x86.Build.0 = Release|x86
		{579751CD-21D0-47A4-85CE-B2674D10850E}.Ad-Hoc|x86.Deploy.0 = Release|x86
		{579751CD-21D0-47A4-85CE-B2674D10850E}.AppStore|Any CPU.ActiveCfg = Release|Any CPU
		{579751CD-21D0-47A4-85CE-B2674D10850E}.AppStore|Any CPU.Build.0 = Release|Any CPU
		{579751CD-21D0-47A4-85CE-B2674D10850E}.AppStore|Any CPU.Deploy.0 = Release|Any CPU
		{579751CD-21D0-47A4-85CE-B2674D10850E}.AppStore|ARM.ActiveCfg = Release|ARM
		{579751CD-21D0-47A4-85CE-B2674D10850E}.AppStore|ARM.Build.0 = Release|ARM
		{579751CD-21D0-47A4-85CE-B2674D10850E}.AppStore|ARM.Deploy.0 = Release|ARM
		{579751CD-21D0-47A4-85CE-B2674D10850E}.AppStore|iPhone.ActiveCfg = Release|Any CPU
		{579751CD-21D0-47A4-85CE-B2674D10850E}.AppStore|iPhone.Build.0 = Release|Any CPU
		{579751CD-21D0-47A4-85CE-B2674D10850E}.AppStore|iPhone.Deploy.0 = Release|Any CPU
		{579751CD-21D0-47A4-85CE-B2674D10850E}.AppStore|iPhoneSimulator.ActiveCfg = Release|Any CPU
		{579751CD-21D0-47A4-85CE-B2674D10850E}.AppStore|iPhoneSimulator.Build.0 = Release|Any CPU
		{579751CD-21D0-47A4-85CE-B2674D10850E}.AppStore|iPhoneSimulator.Deploy.0 = Release|Any CPU
		{579751CD-21D0-47A4-85CE-B2674D10850E}.AppStore|Mixed Platforms.ActiveCfg = Release|x86
		{579751CD-21D0-47A4-85CE-B2674D10850E}.AppStore|Mixed Platforms.Build.0 = Release|x86
		{579751CD-21D0-47A4-85CE-B2674D10850E}.AppStore|Mixed Platforms.Deploy.0 = Release|x86
		{579751CD-21D0-47A4-85CE-B2674D10850E}.AppStore|x64.ActiveCfg = Release|Any CPU
		{579751CD-21D0-47A4-85CE-B2674D10850E}.AppStore|x64.Build.0 = Release|Any CPU
		{579751CD-21D0-47A4-85CE-B2674D10850E}.AppStore|x64.Deploy.0 = Release|Any CPU
		{579751CD-21D0-47A4-85CE-B2674D10850E}.AppStore|x86.ActiveCfg = Release|x86
		{579751CD-21D0-47A4-85CE-B2674D10850E}.AppStore|x86.Build.0 = Release|x86
		{579751CD-21D0-47A4-85CE-B2674D10850E}.AppStore|x86.Deploy.0 = Release|x86
		{579751CD-21D0-47A4-85CE-B2674D10850E}.Debug|Any CPU.ActiveCfg = Debug|Any CPU
		{579751CD-21D0-47A4-85CE-B2674D10850E}.Debug|Any CPU.Build.0 = Debug|Any CPU
		{579751CD-21D0-47A4-85CE-B2674D10850E}.Debug|Any CPU.Deploy.0 = Debug|Any CPU
		{579751CD-21D0-47A4-85CE-B2674D10850E}.Debug|ARM.ActiveCfg = Debug|ARM
		{579751CD-21D0-47A4-85CE-B2674D10850E}.Debug|ARM.Build.0 = Debug|ARM
		{579751CD-21D0-47A4-85CE-B2674D10850E}.Debug|ARM.Deploy.0 = Debug|ARM
		{579751CD-21D0-47A4-85CE-B2674D10850E}.Debug|iPhone.ActiveCfg = Debug|Any CPU
		{579751CD-21D0-47A4-85CE-B2674D10850E}.Debug|iPhone.Build.0 = Debug|Any CPU
		{579751CD-21D0-47A4-85CE-B2674D10850E}.Debug|iPhone.Deploy.0 = Debug|Any CPU
		{579751CD-21D0-47A4-85CE-B2674D10850E}.Debug|iPhoneSimulator.ActiveCfg = Debug|Any CPU
		{579751CD-21D0-47A4-85CE-B2674D10850E}.Debug|iPhoneSimulator.Build.0 = Debug|Any CPU
		{579751CD-21D0-47A4-85CE-B2674D10850E}.Debug|iPhoneSimulator.Deploy.0 = Debug|Any CPU
		{579751CD-21D0-47A4-85CE-B2674D10850E}.Debug|Mixed Platforms.ActiveCfg = Debug|x86
		{579751CD-21D0-47A4-85CE-B2674D10850E}.Debug|Mixed Platforms.Build.0 = Debug|x86
		{579751CD-21D0-47A4-85CE-B2674D10850E}.Debug|Mixed Platforms.Deploy.0 = Debug|x86
		{579751CD-21D0-47A4-85CE-B2674D10850E}.Debug|x64.ActiveCfg = Debug|Any CPU
		{579751CD-21D0-47A4-85CE-B2674D10850E}.Debug|x64.Build.0 = Debug|Any CPU
		{579751CD-21D0-47A4-85CE-B2674D10850E}.Debug|x64.Deploy.0 = Debug|Any CPU
		{579751CD-21D0-47A4-85CE-B2674D10850E}.Debug|x86.ActiveCfg = Debug|x86
		{579751CD-21D0-47A4-85CE-B2674D10850E}.Debug|x86.Build.0 = Debug|x86
		{579751CD-21D0-47A4-85CE-B2674D10850E}.Debug|x86.Deploy.0 = Debug|x86
		{579751CD-21D0-47A4-85CE-B2674D10850E}.Release|Any CPU.ActiveCfg = Release|Any CPU
		{579751CD-21D0-47A4-85CE-B2674D10850E}.Release|Any CPU.Build.0 = Release|Any CPU
		{579751CD-21D0-47A4-85CE-B2674D10850E}.Release|Any CPU.Deploy.0 = Release|Any CPU
		{579751CD-21D0-47A4-85CE-B2674D10850E}.Release|ARM.ActiveCfg = Release|ARM
		{579751CD-21D0-47A4-85CE-B2674D10850E}.Release|ARM.Build.0 = Release|ARM
		{579751CD-21D0-47A4-85CE-B2674D10850E}.Release|ARM.Deploy.0 = Release|ARM
		{579751CD-21D0-47A4-85CE-B2674D10850E}.Release|iPhone.ActiveCfg = Release|Any CPU
		{579751CD-21D0-47A4-85CE-B2674D10850E}.Release|iPhone.Build.0 = Release|Any CPU
		{579751CD-21D0-47A4-85CE-B2674D10850E}.Release|iPhone.Deploy.0 = Release|Any CPU
		{579751CD-21D0-47A4-85CE-B2674D10850E}.Release|iPhoneSimulator.ActiveCfg = Release|Any CPU
		{579751CD-21D0-47A4-85CE-B2674D10850E}.Release|iPhoneSimulator.Build.0 = Release|Any CPU
		{579751CD-21D0-47A4-85CE-B2674D10850E}.Release|iPhoneSimulator.Deploy.0 = Release|Any CPU
		{579751CD-21D0-47A4-85CE-B2674D10850E}.Release|Mixed Platforms.ActiveCfg = Release|x86
		{579751CD-21D0-47A4-85CE-B2674D10850E}.Release|Mixed Platforms.Build.0 = Release|x86
		{579751CD-21D0-47A4-85CE-B2674D10850E}.Release|Mixed Platforms.Deploy.0 = Release|x86
		{579751CD-21D0-47A4-85CE-B2674D10850E}.Release|x64.ActiveCfg = Release|Any CPU
		{579751CD-21D0-47A4-85CE-B2674D10850E}.Release|x64.Build.0 = Release|Any CPU
		{579751CD-21D0-47A4-85CE-B2674D10850E}.Release|x64.Deploy.0 = Release|Any CPU
		{579751CD-21D0-47A4-85CE-B2674D10850E}.Release|x86.ActiveCfg = Release|x86
		{579751CD-21D0-47A4-85CE-B2674D10850E}.Release|x86.Build.0 = Release|x86
		{579751CD-21D0-47A4-85CE-B2674D10850E}.Release|x86.Deploy.0 = Release|x86
		{7F243E5A-8213-4C81-82D2-499C52B94875}.Ad-Hoc|Any CPU.ActiveCfg = Release|Any CPU
		{7F243E5A-8213-4C81-82D2-499C52B94875}.Ad-Hoc|Any CPU.Build.0 = Release|Any CPU
		{7F243E5A-8213-4C81-82D2-499C52B94875}.Ad-Hoc|Any CPU.Deploy.0 = Release|Any CPU
		{7F243E5A-8213-4C81-82D2-499C52B94875}.Ad-Hoc|ARM.ActiveCfg = Release|Any CPU
		{7F243E5A-8213-4C81-82D2-499C52B94875}.Ad-Hoc|ARM.Build.0 = Release|Any CPU
		{7F243E5A-8213-4C81-82D2-499C52B94875}.Ad-Hoc|ARM.Deploy.0 = Release|Any CPU
		{7F243E5A-8213-4C81-82D2-499C52B94875}.Ad-Hoc|iPhone.ActiveCfg = Release|Any CPU
		{7F243E5A-8213-4C81-82D2-499C52B94875}.Ad-Hoc|iPhone.Build.0 = Release|Any CPU
		{7F243E5A-8213-4C81-82D2-499C52B94875}.Ad-Hoc|iPhone.Deploy.0 = Release|Any CPU
		{7F243E5A-8213-4C81-82D2-499C52B94875}.Ad-Hoc|iPhoneSimulator.ActiveCfg = Release|Any CPU
		{7F243E5A-8213-4C81-82D2-499C52B94875}.Ad-Hoc|iPhoneSimulator.Build.0 = Release|Any CPU
		{7F243E5A-8213-4C81-82D2-499C52B94875}.Ad-Hoc|iPhoneSimulator.Deploy.0 = Release|Any CPU
		{7F243E5A-8213-4C81-82D2-499C52B94875}.Ad-Hoc|Mixed Platforms.ActiveCfg = Release|Any CPU
		{7F243E5A-8213-4C81-82D2-499C52B94875}.Ad-Hoc|Mixed Platforms.Build.0 = Release|Any CPU
		{7F243E5A-8213-4C81-82D2-499C52B94875}.Ad-Hoc|Mixed Platforms.Deploy.0 = Release|Any CPU
		{7F243E5A-8213-4C81-82D2-499C52B94875}.Ad-Hoc|x64.ActiveCfg = Release|Any CPU
		{7F243E5A-8213-4C81-82D2-499C52B94875}.Ad-Hoc|x64.Build.0 = Release|Any CPU
		{7F243E5A-8213-4C81-82D2-499C52B94875}.Ad-Hoc|x64.Deploy.0 = Release|Any CPU
		{7F243E5A-8213-4C81-82D2-499C52B94875}.Ad-Hoc|x86.ActiveCfg = Release|Any CPU
		{7F243E5A-8213-4C81-82D2-499C52B94875}.Ad-Hoc|x86.Build.0 = Release|Any CPU
		{7F243E5A-8213-4C81-82D2-499C52B94875}.Ad-Hoc|x86.Deploy.0 = Release|Any CPU
		{7F243E5A-8213-4C81-82D2-499C52B94875}.AppStore|Any CPU.ActiveCfg = Release|Any CPU
		{7F243E5A-8213-4C81-82D2-499C52B94875}.AppStore|Any CPU.Build.0 = Release|Any CPU
		{7F243E5A-8213-4C81-82D2-499C52B94875}.AppStore|Any CPU.Deploy.0 = Release|Any CPU
		{7F243E5A-8213-4C81-82D2-499C52B94875}.AppStore|ARM.ActiveCfg = Release|Any CPU
		{7F243E5A-8213-4C81-82D2-499C52B94875}.AppStore|ARM.Build.0 = Release|Any CPU
		{7F243E5A-8213-4C81-82D2-499C52B94875}.AppStore|ARM.Deploy.0 = Release|Any CPU
		{7F243E5A-8213-4C81-82D2-499C52B94875}.AppStore|iPhone.ActiveCfg = Release|Any CPU
		{7F243E5A-8213-4C81-82D2-499C52B94875}.AppStore|iPhone.Build.0 = Release|Any CPU
		{7F243E5A-8213-4C81-82D2-499C52B94875}.AppStore|iPhone.Deploy.0 = Release|Any CPU
		{7F243E5A-8213-4C81-82D2-499C52B94875}.AppStore|iPhoneSimulator.ActiveCfg = Release|Any CPU
		{7F243E5A-8213-4C81-82D2-499C52B94875}.AppStore|iPhoneSimulator.Build.0 = Release|Any CPU
		{7F243E5A-8213-4C81-82D2-499C52B94875}.AppStore|iPhoneSimulator.Deploy.0 = Release|Any CPU
		{7F243E5A-8213-4C81-82D2-499C52B94875}.AppStore|Mixed Platforms.ActiveCfg = Release|Any CPU
		{7F243E5A-8213-4C81-82D2-499C52B94875}.AppStore|Mixed Platforms.Build.0 = Release|Any CPU
		{7F243E5A-8213-4C81-82D2-499C52B94875}.AppStore|Mixed Platforms.Deploy.0 = Release|Any CPU
		{7F243E5A-8213-4C81-82D2-499C52B94875}.AppStore|x64.ActiveCfg = Release|Any CPU
		{7F243E5A-8213-4C81-82D2-499C52B94875}.AppStore|x64.Build.0 = Release|Any CPU
		{7F243E5A-8213-4C81-82D2-499C52B94875}.AppStore|x64.Deploy.0 = Release|Any CPU
		{7F243E5A-8213-4C81-82D2-499C52B94875}.AppStore|x86.ActiveCfg = Release|Any CPU
		{7F243E5A-8213-4C81-82D2-499C52B94875}.AppStore|x86.Build.0 = Release|Any CPU
		{7F243E5A-8213-4C81-82D2-499C52B94875}.AppStore|x86.Deploy.0 = Release|Any CPU
		{7F243E5A-8213-4C81-82D2-499C52B94875}.Debug|Any CPU.ActiveCfg = Debug|Any CPU
		{7F243E5A-8213-4C81-82D2-499C52B94875}.Debug|Any CPU.Build.0 = Debug|Any CPU
		{7F243E5A-8213-4C81-82D2-499C52B94875}.Debug|Any CPU.Deploy.0 = Debug|Any CPU
		{7F243E5A-8213-4C81-82D2-499C52B94875}.Debug|ARM.ActiveCfg = Debug|Any CPU
		{7F243E5A-8213-4C81-82D2-499C52B94875}.Debug|ARM.Build.0 = Debug|Any CPU
		{7F243E5A-8213-4C81-82D2-499C52B94875}.Debug|ARM.Deploy.0 = Debug|Any CPU
		{7F243E5A-8213-4C81-82D2-499C52B94875}.Debug|iPhone.ActiveCfg = Debug|Any CPU
		{7F243E5A-8213-4C81-82D2-499C52B94875}.Debug|iPhone.Build.0 = Debug|Any CPU
		{7F243E5A-8213-4C81-82D2-499C52B94875}.Debug|iPhone.Deploy.0 = Debug|Any CPU
		{7F243E5A-8213-4C81-82D2-499C52B94875}.Debug|iPhoneSimulator.ActiveCfg = Debug|Any CPU
		{7F243E5A-8213-4C81-82D2-499C52B94875}.Debug|iPhoneSimulator.Build.0 = Debug|Any CPU
		{7F243E5A-8213-4C81-82D2-499C52B94875}.Debug|iPhoneSimulator.Deploy.0 = Debug|Any CPU
		{7F243E5A-8213-4C81-82D2-499C52B94875}.Debug|Mixed Platforms.ActiveCfg = Debug|Any CPU
		{7F243E5A-8213-4C81-82D2-499C52B94875}.Debug|Mixed Platforms.Build.0 = Debug|Any CPU
		{7F243E5A-8213-4C81-82D2-499C52B94875}.Debug|Mixed Platforms.Deploy.0 = Debug|Any CPU
		{7F243E5A-8213-4C81-82D2-499C52B94875}.Debug|x64.ActiveCfg = Debug|Any CPU
		{7F243E5A-8213-4C81-82D2-499C52B94875}.Debug|x64.Build.0 = Debug|Any CPU
		{7F243E5A-8213-4C81-82D2-499C52B94875}.Debug|x64.Deploy.0 = Debug|Any CPU
		{7F243E5A-8213-4C81-82D2-499C52B94875}.Debug|x86.ActiveCfg = Debug|Any CPU
		{7F243E5A-8213-4C81-82D2-499C52B94875}.Debug|x86.Build.0 = Debug|Any CPU
		{7F243E5A-8213-4C81-82D2-499C52B94875}.Debug|x86.Deploy.0 = Debug|Any CPU
		{7F243E5A-8213-4C81-82D2-499C52B94875}.Release|Any CPU.ActiveCfg = Release|Any CPU
		{7F243E5A-8213-4C81-82D2-499C52B94875}.Release|Any CPU.Build.0 = Release|Any CPU
		{7F243E5A-8213-4C81-82D2-499C52B94875}.Release|Any CPU.Deploy.0 = Release|Any CPU
		{7F243E5A-8213-4C81-82D2-499C52B94875}.Release|ARM.ActiveCfg = Release|Any CPU
		{7F243E5A-8213-4C81-82D2-499C52B94875}.Release|ARM.Build.0 = Release|Any CPU
		{7F243E5A-8213-4C81-82D2-499C52B94875}.Release|ARM.Deploy.0 = Release|Any CPU
		{7F243E5A-8213-4C81-82D2-499C52B94875}.Release|iPhone.ActiveCfg = Release|Any CPU
		{7F243E5A-8213-4C81-82D2-499C52B94875}.Release|iPhone.Build.0 = Release|Any CPU
		{7F243E5A-8213-4C81-82D2-499C52B94875}.Release|iPhone.Deploy.0 = Release|Any CPU
		{7F243E5A-8213-4C81-82D2-499C52B94875}.Release|iPhoneSimulator.ActiveCfg = Release|Any CPU
		{7F243E5A-8213-4C81-82D2-499C52B94875}.Release|iPhoneSimulator.Build.0 = Release|Any CPU
		{7F243E5A-8213-4C81-82D2-499C52B94875}.Release|iPhoneSimulator.Deploy.0 = Release|Any CPU
		{7F243E5A-8213-4C81-82D2-499C52B94875}.Release|Mixed Platforms.ActiveCfg = Release|Any CPU
		{7F243E5A-8213-4C81-82D2-499C52B94875}.Release|Mixed Platforms.Build.0 = Release|Any CPU
		{7F243E5A-8213-4C81-82D2-499C52B94875}.Release|Mixed Platforms.Deploy.0 = Release|Any CPU
		{7F243E5A-8213-4C81-82D2-499C52B94875}.Release|x64.ActiveCfg = Release|Any CPU
		{7F243E5A-8213-4C81-82D2-499C52B94875}.Release|x64.Build.0 = Release|Any CPU
		{7F243E5A-8213-4C81-82D2-499C52B94875}.Release|x64.Deploy.0 = Release|Any CPU
		{7F243E5A-8213-4C81-82D2-499C52B94875}.Release|x86.ActiveCfg = Release|Any CPU
		{7F243E5A-8213-4C81-82D2-499C52B94875}.Release|x86.Build.0 = Release|Any CPU
		{7F243E5A-8213-4C81-82D2-499C52B94875}.Release|x86.Deploy.0 = Release|Any CPU
		{67F9D3A8-F71E-4428-913F-C37AE82CDB24}.Ad-Hoc|Any CPU.ActiveCfg = Release|Any CPU
		{67F9D3A8-F71E-4428-913F-C37AE82CDB24}.Ad-Hoc|Any CPU.Build.0 = Release|Any CPU
		{67F9D3A8-F71E-4428-913F-C37AE82CDB24}.Ad-Hoc|ARM.ActiveCfg = Release|Any CPU
		{67F9D3A8-F71E-4428-913F-C37AE82CDB24}.Ad-Hoc|iPhone.ActiveCfg = Release|Any CPU
		{67F9D3A8-F71E-4428-913F-C37AE82CDB24}.Ad-Hoc|iPhoneSimulator.ActiveCfg = Release|Any CPU
		{67F9D3A8-F71E-4428-913F-C37AE82CDB24}.Ad-Hoc|Mixed Platforms.ActiveCfg = Release|Any CPU
		{67F9D3A8-F71E-4428-913F-C37AE82CDB24}.Ad-Hoc|Mixed Platforms.Build.0 = Release|Any CPU
		{67F9D3A8-F71E-4428-913F-C37AE82CDB24}.Ad-Hoc|x64.ActiveCfg = Release|Any CPU
		{67F9D3A8-F71E-4428-913F-C37AE82CDB24}.Ad-Hoc|x86.ActiveCfg = Release|Any CPU
		{67F9D3A8-F71E-4428-913F-C37AE82CDB24}.AppStore|Any CPU.ActiveCfg = Release|Any CPU
		{67F9D3A8-F71E-4428-913F-C37AE82CDB24}.AppStore|Any CPU.Build.0 = Release|Any CPU
		{67F9D3A8-F71E-4428-913F-C37AE82CDB24}.AppStore|ARM.ActiveCfg = Release|Any CPU
		{67F9D3A8-F71E-4428-913F-C37AE82CDB24}.AppStore|iPhone.ActiveCfg = Release|Any CPU
		{67F9D3A8-F71E-4428-913F-C37AE82CDB24}.AppStore|iPhoneSimulator.ActiveCfg = Release|Any CPU
		{67F9D3A8-F71E-4428-913F-C37AE82CDB24}.AppStore|Mixed Platforms.ActiveCfg = Release|Any CPU
		{67F9D3A8-F71E-4428-913F-C37AE82CDB24}.AppStore|Mixed Platforms.Build.0 = Release|Any CPU
		{67F9D3A8-F71E-4428-913F-C37AE82CDB24}.AppStore|x64.ActiveCfg = Release|Any CPU
		{67F9D3A8-F71E-4428-913F-C37AE82CDB24}.AppStore|x86.ActiveCfg = Release|Any CPU
		{67F9D3A8-F71E-4428-913F-C37AE82CDB24}.Debug|Any CPU.ActiveCfg = Debug|Any CPU
		{67F9D3A8-F71E-4428-913F-C37AE82CDB24}.Debug|Any CPU.Build.0 = Debug|Any CPU
		{67F9D3A8-F71E-4428-913F-C37AE82CDB24}.Debug|ARM.ActiveCfg = Debug|Any CPU
		{67F9D3A8-F71E-4428-913F-C37AE82CDB24}.Debug|iPhone.ActiveCfg = Debug|Any CPU
		{67F9D3A8-F71E-4428-913F-C37AE82CDB24}.Debug|iPhoneSimulator.ActiveCfg = Debug|Any CPU
		{67F9D3A8-F71E-4428-913F-C37AE82CDB24}.Debug|Mixed Platforms.ActiveCfg = Debug|Any CPU
		{67F9D3A8-F71E-4428-913F-C37AE82CDB24}.Debug|Mixed Platforms.Build.0 = Debug|Any CPU
		{67F9D3A8-F71E-4428-913F-C37AE82CDB24}.Debug|x64.ActiveCfg = Debug|Any CPU
		{67F9D3A8-F71E-4428-913F-C37AE82CDB24}.Debug|x86.ActiveCfg = Debug|Any CPU
		{67F9D3A8-F71E-4428-913F-C37AE82CDB24}.Release|Any CPU.ActiveCfg = Release|Any CPU
		{67F9D3A8-F71E-4428-913F-C37AE82CDB24}.Release|Any CPU.Build.0 = Release|Any CPU
		{67F9D3A8-F71E-4428-913F-C37AE82CDB24}.Release|ARM.ActiveCfg = Release|Any CPU
		{67F9D3A8-F71E-4428-913F-C37AE82CDB24}.Release|iPhone.ActiveCfg = Release|Any CPU
		{67F9D3A8-F71E-4428-913F-C37AE82CDB24}.Release|iPhoneSimulator.ActiveCfg = Release|Any CPU
		{67F9D3A8-F71E-4428-913F-C37AE82CDB24}.Release|Mixed Platforms.ActiveCfg = Release|Any CPU
		{67F9D3A8-F71E-4428-913F-C37AE82CDB24}.Release|Mixed Platforms.Build.0 = Release|Any CPU
		{67F9D3A8-F71E-4428-913F-C37AE82CDB24}.Release|x64.ActiveCfg = Release|Any CPU
		{67F9D3A8-F71E-4428-913F-C37AE82CDB24}.Release|x86.ActiveCfg = Release|Any CPU
	EndGlobalSection
	GlobalSection(SolutionProperties) = preSolution
		HideSolutionNode = FALSE
	EndGlobalSection
	GlobalSection(NestedProjects) = preSolution
		{0D8F00CE-1811-493E-96FF-F2EA882A8618} = {5D35433D-F790-4E5D-9C66-7F829F6C5D5E}
		{A77005DF-B858-438C-91FB-035BF5D0998E} = {5D35433D-F790-4E5D-9C66-7F829F6C5D5E}
		{7A75BC9A-CDD0-4035-B257-A026F1175DEB} = {5D35433D-F790-4E5D-9C66-7F829F6C5D5E}
		{E4B8B65F-DCE7-43FF-890B-4D5C68DF133D} = {AB050D2B-153D-4879-8707-97C140125819}
		{AF57BBC5-286E-40BA-BDB2-5716FC735D97} = {5D35433D-F790-4E5D-9C66-7F829F6C5D5E}
		{6891E212-AEEE-4763-AC6F-BD7213C13890} = {AF57BBC5-286E-40BA-BDB2-5716FC735D97}
		{579751CD-21D0-47A4-85CE-B2674D10850E} = {C8D7D69A-D9E4-4FAA-ADBB-4D24B982195D}
		{7F243E5A-8213-4C81-82D2-499C52B94875} = {C8D7D69A-D9E4-4FAA-ADBB-4D24B982195D}
		{FA1B97FB-2741-488B-8136-9BBC09683FC7} = {C8D7D69A-D9E4-4FAA-ADBB-4D24B982195D}
		{67F9D3A8-F71E-4428-913F-C37AE82CDB24} = {C8D7D69A-D9E4-4FAA-ADBB-4D24B982195D}
	EndGlobalSection
EndGlobal
